// !$*UTF8*$!
{
	archiveVersion = 1;
	classes = {
	};
	objectVersion = 55;
	objects = {

/* Begin PBXBuildFile section */
		25275FCC285814930026B9E3 /* MockGithubRepository.swift in Sources */ = {isa = PBXBuildFile; fileRef = 25275FCB285814930026B9E3 /* MockGithubRepository.swift */; };
		25275FCF28595F6C0026B9E3 /* TestError.swift in Sources */ = {isa = PBXBuildFile; fileRef = 25275FCE28595F6C0026B9E3 /* TestError.swift */; };
		25275FD2285967780026B9E3 /* +Extension.swift in Sources */ = {isa = PBXBuildFile; fileRef = 25275FD1285967780026B9E3 /* +Extension.swift */; };
		252E28772854D50800F6CA57 /* SearchViewReducerTests.swift in Sources */ = {isa = PBXBuildFile; fileRef = 252E28762854D50800F6CA57 /* SearchViewReducerTests.swift */; };
		252E289E2854DB5900F6CA57 /* SearchCellReducerTests.swift in Sources */ = {isa = PBXBuildFile; fileRef = 252E289D2854DB5900F6CA57 /* SearchCellReducerTests.swift */; };
		8AD3ED43283C77FA00AB3984 /* Github_Search_TCAApp.swift in Sources */ = {isa = PBXBuildFile; fileRef = 8AD3ED42283C77FA00AB3984 /* Github_Search_TCAApp.swift */; };
		8AD3ED47283C77FC00AB3984 /* Assets.xcassets in Resources */ = {isa = PBXBuildFile; fileRef = 8AD3ED46283C77FC00AB3984 /* Assets.xcassets */; };
		8AD3ED4A283C77FC00AB3984 /* Preview Assets.xcassets in Resources */ = {isa = PBXBuildFile; fileRef = 8AD3ED49283C77FC00AB3984 /* Preview Assets.xcassets */; };
		8AD3ED54283C77FC00AB3984 /* Github_Search_TCATests.swift in Sources */ = {isa = PBXBuildFile; fileRef = 8AD3ED53283C77FC00AB3984 /* Github_Search_TCATests.swift */; };
		8AD3ED5E283C77FC00AB3984 /* Github_Search_TCAUITests.swift in Sources */ = {isa = PBXBuildFile; fileRef = 8AD3ED5D283C77FC00AB3984 /* Github_Search_TCAUITests.swift */; };
		8AD3ED60283C77FC00AB3984 /* Github_Search_TCAUITestsLaunchTests.swift in Sources */ = {isa = PBXBuildFile; fileRef = 8AD3ED5F283C77FC00AB3984 /* Github_Search_TCAUITestsLaunchTests.swift */; };
		8AE2D5242867337000BBF894 /* GDIContainer in Frameworks */ = {isa = PBXBuildFile; productRef = 8AE2D5232867337000BBF894 /* GDIContainer */; };
/* End PBXBuildFile section */

/* Begin PBXContainerItemProxy section */
		8AD3ED50283C77FC00AB3984 /* PBXContainerItemProxy */ = {
			isa = PBXContainerItemProxy;
			containerPortal = 8AD3ED37283C77FA00AB3984 /* Project object */;
			proxyType = 1;
			remoteGlobalIDString = 8AD3ED3E283C77FA00AB3984;
			remoteInfo = Github_Search_TCA;
		};
		8AD3ED5A283C77FC00AB3984 /* PBXContainerItemProxy */ = {
			isa = PBXContainerItemProxy;
			containerPortal = 8AD3ED37283C77FA00AB3984 /* Project object */;
			proxyType = 1;
			remoteGlobalIDString = 8AD3ED3E283C77FA00AB3984;
			remoteInfo = Github_Search_TCA;
		};
/* End PBXContainerItemProxy section */

/* Begin PBXFileReference section */
		25244D9928653A3D0046CD7F /* Modules */ = {isa = PBXFileReference; lastKnownFileType = wrapper; path = Modules; sourceTree = "<group>"; };
		25275FCB285814930026B9E3 /* MockGithubRepository.swift */ = {isa = PBXFileReference; lastKnownFileType = sourcecode.swift; path = MockGithubRepository.swift; sourceTree = "<group>"; };
		25275FCE28595F6C0026B9E3 /* TestError.swift */ = {isa = PBXFileReference; lastKnownFileType = sourcecode.swift; path = TestError.swift; sourceTree = "<group>"; };
		25275FD1285967780026B9E3 /* +Extension.swift */ = {isa = PBXFileReference; lastKnownFileType = sourcecode.swift; path = "+Extension.swift"; sourceTree = "<group>"; };
		252E28762854D50800F6CA57 /* SearchViewReducerTests.swift */ = {isa = PBXFileReference; lastKnownFileType = sourcecode.swift; path = SearchViewReducerTests.swift; sourceTree = "<group>"; };
		252E289D2854DB5900F6CA57 /* SearchCellReducerTests.swift */ = {isa = PBXFileReference; lastKnownFileType = sourcecode.swift; path = SearchCellReducerTests.swift; sourceTree = "<group>"; };
		8A08019B2849856B008FAF71 /* Github-Search-TCA-Info.plist */ = {isa = PBXFileReference; lastKnownFileType = text.plist; path = "Github-Search-TCA-Info.plist"; sourceTree = SOURCE_ROOT; };
		8AD3ED3F283C77FA00AB3984 /* Github_Search_TCA.app */ = {isa = PBXFileReference; explicitFileType = wrapper.application; includeInIndex = 0; path = Github_Search_TCA.app; sourceTree = BUILT_PRODUCTS_DIR; };
		8AD3ED42283C77FA00AB3984 /* Github_Search_TCAApp.swift */ = {isa = PBXFileReference; lastKnownFileType = sourcecode.swift; path = Github_Search_TCAApp.swift; sourceTree = "<group>"; };
		8AD3ED46283C77FC00AB3984 /* Assets.xcassets */ = {isa = PBXFileReference; lastKnownFileType = folder.assetcatalog; path = Assets.xcassets; sourceTree = "<group>"; };
		8AD3ED49283C77FC00AB3984 /* Preview Assets.xcassets */ = {isa = PBXFileReference; lastKnownFileType = folder.assetcatalog; path = "Preview Assets.xcassets"; sourceTree = "<group>"; };
		8AD3ED4F283C77FC00AB3984 /* Github_Search_TCATests.xctest */ = {isa = PBXFileReference; explicitFileType = wrapper.cfbundle; includeInIndex = 0; path = Github_Search_TCATests.xctest; sourceTree = BUILT_PRODUCTS_DIR; };
		8AD3ED53283C77FC00AB3984 /* Github_Search_TCATests.swift */ = {isa = PBXFileReference; lastKnownFileType = sourcecode.swift; path = Github_Search_TCATests.swift; sourceTree = "<group>"; };
		8AD3ED59283C77FC00AB3984 /* Github_Search_TCAUITests.xctest */ = {isa = PBXFileReference; explicitFileType = wrapper.cfbundle; includeInIndex = 0; path = Github_Search_TCAUITests.xctest; sourceTree = BUILT_PRODUCTS_DIR; };
		8AD3ED5D283C77FC00AB3984 /* Github_Search_TCAUITests.swift */ = {isa = PBXFileReference; lastKnownFileType = sourcecode.swift; path = Github_Search_TCAUITests.swift; sourceTree = "<group>"; };
		8AD3ED5F283C77FC00AB3984 /* Github_Search_TCAUITestsLaunchTests.swift */ = {isa = PBXFileReference; lastKnownFileType = sourcecode.swift; path = Github_Search_TCAUITestsLaunchTests.swift; sourceTree = "<group>"; };
/* End PBXFileReference section */

/* Begin PBXFrameworksBuildPhase section */
		8AD3ED3C283C77FA00AB3984 /* Frameworks */ = {
			isa = PBXFrameworksBuildPhase;
			buildActionMask = 2147483647;
			files = (
				8AE2D5242867337000BBF894 /* GDIContainer in Frameworks */,
			);
			runOnlyForDeploymentPostprocessing = 0;
		};
		8AD3ED4C283C77FC00AB3984 /* Frameworks */ = {
			isa = PBXFrameworksBuildPhase;
			buildActionMask = 2147483647;
			files = (
			);
			runOnlyForDeploymentPostprocessing = 0;
		};
		8AD3ED56283C77FC00AB3984 /* Frameworks */ = {
			isa = PBXFrameworksBuildPhase;
			buildActionMask = 2147483647;
			files = (
			);
			runOnlyForDeploymentPostprocessing = 0;
		};
/* End PBXFrameworksBuildPhase section */

/* Begin PBXGroup section */
		25275FCA285814820026B9E3 /* Mock */ = {
			isa = PBXGroup;
			children = (
				25275FCB285814930026B9E3 /* MockGithubRepository.swift */,
			);
			path = Mock;
			sourceTree = "<group>";
		};
		25275FCD28595F600026B9E3 /* Error */ = {
			isa = PBXGroup;
			children = (
				25275FCE28595F6C0026B9E3 /* TestError.swift */,
			);
			path = Error;
			sourceTree = "<group>";
		};
		25275FD0285967460026B9E3 /* Extensions */ = {
			isa = PBXGroup;
			children = (
				25275FD1285967780026B9E3 /* +Extension.swift */,
			);
			path = Extensions;
			sourceTree = "<group>";
		};
		252E28732854CDF900F6CA57 /* Frameworks */ = {
			isa = PBXGroup;
			children = (
			);
			name = Frameworks;
			sourceTree = "<group>";
		};
		252E28742854D4B400F6CA57 /* TCA */ = {
			isa = PBXGroup;
			children = (
				25275FD0285967460026B9E3 /* Extensions */,
				25275FCD28595F600026B9E3 /* Error */,
				25275FCA285814820026B9E3 /* Mock */,
				252E289C2854DB3900F6CA57 /* SearchCell */,
				252E28752854D4BF00F6CA57 /* SearchView */,
			);
			path = TCA;
			sourceTree = "<group>";
		};
		252E28752854D4BF00F6CA57 /* SearchView */ = {
			isa = PBXGroup;
			children = (
				252E28762854D50800F6CA57 /* SearchViewReducerTests.swift */,
			);
			path = SearchView;
			sourceTree = "<group>";
		};
		252E289C2854DB3900F6CA57 /* SearchCell */ = {
			isa = PBXGroup;
			children = (
				252E289D2854DB5900F6CA57 /* SearchCellReducerTests.swift */,
			);
			path = SearchCell;
			sourceTree = "<group>";
		};
		8AD3ED36283C77FA00AB3984 = {
			isa = PBXGroup;
			children = (
				25244D9928653A3D0046CD7F /* Modules */,
				8AD3ED41283C77FA00AB3984 /* Github_Search_TCA */,
				8AD3ED52283C77FC00AB3984 /* Github_Search_TCATests */,
				8AD3ED5C283C77FC00AB3984 /* Github_Search_TCAUITests */,
				8AD3ED40283C77FA00AB3984 /* Products */,
				252E28732854CDF900F6CA57 /* Frameworks */,
			);
			sourceTree = "<group>";
		};
		8AD3ED40283C77FA00AB3984 /* Products */ = {
			isa = PBXGroup;
			children = (
				8AD3ED3F283C77FA00AB3984 /* Github_Search_TCA.app */,
				8AD3ED4F283C77FC00AB3984 /* Github_Search_TCATests.xctest */,
				8AD3ED59283C77FC00AB3984 /* Github_Search_TCAUITests.xctest */,
			);
			name = Products;
			sourceTree = "<group>";
		};
		8AD3ED41283C77FA00AB3984 /* Github_Search_TCA */ = {
			isa = PBXGroup;
			children = (
				8A08019B2849856B008FAF71 /* Github-Search-TCA-Info.plist */,
				8AD3EDAF283CB9ED00AB3984 /* Application */,
				8AD3ED46283C77FC00AB3984 /* Assets.xcassets */,
				8AD3ED48283C77FC00AB3984 /* Preview Content */,
			);
			path = Github_Search_TCA;
			sourceTree = "<group>";
		};
		8AD3ED48283C77FC00AB3984 /* Preview Content */ = {
			isa = PBXGroup;
			children = (
				8AD3ED49283C77FC00AB3984 /* Preview Assets.xcassets */,
			);
			path = "Preview Content";
			sourceTree = "<group>";
		};
		8AD3ED52283C77FC00AB3984 /* Github_Search_TCATests */ = {
			isa = PBXGroup;
			children = (
				252E28742854D4B400F6CA57 /* TCA */,
				8AD3ED53283C77FC00AB3984 /* Github_Search_TCATests.swift */,
			);
			path = Github_Search_TCATests;
			sourceTree = "<group>";
		};
		8AD3ED5C283C77FC00AB3984 /* Github_Search_TCAUITests */ = {
			isa = PBXGroup;
			children = (
				8AD3ED5D283C77FC00AB3984 /* Github_Search_TCAUITests.swift */,
				8AD3ED5F283C77FC00AB3984 /* Github_Search_TCAUITestsLaunchTests.swift */,
			);
			path = Github_Search_TCAUITests;
			sourceTree = "<group>";
		};
		8AD3EDAF283CB9ED00AB3984 /* Application */ = {
			isa = PBXGroup;
			children = (
				8AD3ED42283C77FA00AB3984 /* Github_Search_TCAApp.swift */,
			);
			path = Application;
			sourceTree = "<group>";
		};
/* End PBXGroup section */

/* Begin PBXNativeTarget section */
		8AD3ED3E283C77FA00AB3984 /* Github_Search_TCA */ = {
			isa = PBXNativeTarget;
			buildConfigurationList = 8AD3ED63283C77FC00AB3984 /* Build configuration list for PBXNativeTarget "Github_Search_TCA" */;
			buildPhases = (
				8AD3ED3B283C77FA00AB3984 /* Sources */,
				8AD3ED3C283C77FA00AB3984 /* Frameworks */,
				8AD3ED3D283C77FA00AB3984 /* Resources */,
			);
			buildRules = (
			);
			dependencies = (
			);
			name = Github_Search_TCA;
			packageProductDependencies = (
				8AE2D5232867337000BBF894 /* GDIContainer */,
			);
			productName = Github_Search_TCA;
			productReference = 8AD3ED3F283C77FA00AB3984 /* Github_Search_TCA.app */;
			productType = "com.apple.product-type.application";
		};
		8AD3ED4E283C77FC00AB3984 /* Github_Search_TCATests */ = {
			isa = PBXNativeTarget;
			buildConfigurationList = 8AD3ED66283C77FC00AB3984 /* Build configuration list for PBXNativeTarget "Github_Search_TCATests" */;
			buildPhases = (
				8AD3ED4B283C77FC00AB3984 /* Sources */,
				8AD3ED4C283C77FC00AB3984 /* Frameworks */,
				8AD3ED4D283C77FC00AB3984 /* Resources */,
			);
			buildRules = (
			);
			dependencies = (
				8AD3ED51283C77FC00AB3984 /* PBXTargetDependency */,
			);
			name = Github_Search_TCATests;
			productName = Github_Search_TCATests;
			productReference = 8AD3ED4F283C77FC00AB3984 /* Github_Search_TCATests.xctest */;
			productType = "com.apple.product-type.bundle.unit-test";
		};
		8AD3ED58283C77FC00AB3984 /* Github_Search_TCAUITests */ = {
			isa = PBXNativeTarget;
			buildConfigurationList = 8AD3ED69283C77FC00AB3984 /* Build configuration list for PBXNativeTarget "Github_Search_TCAUITests" */;
			buildPhases = (
				8AD3ED55283C77FC00AB3984 /* Sources */,
				8AD3ED56283C77FC00AB3984 /* Frameworks */,
				8AD3ED57283C77FC00AB3984 /* Resources */,
			);
			buildRules = (
			);
			dependencies = (
				8AD3ED5B283C77FC00AB3984 /* PBXTargetDependency */,
			);
			name = Github_Search_TCAUITests;
			productName = Github_Search_TCAUITests;
			productReference = 8AD3ED59283C77FC00AB3984 /* Github_Search_TCAUITests.xctest */;
			productType = "com.apple.product-type.bundle.ui-testing";
		};
/* End PBXNativeTarget section */

/* Begin PBXProject section */
		8AD3ED37283C77FA00AB3984 /* Project object */ = {
			isa = PBXProject;
			attributes = {
				BuildIndependentTargetsInParallel = 1;
				LastSwiftUpdateCheck = 1320;
				LastUpgradeCheck = 1320;
				TargetAttributes = {
					8AD3ED3E283C77FA00AB3984 = {
						CreatedOnToolsVersion = 13.2.1;
					};
					8AD3ED4E283C77FC00AB3984 = {
						CreatedOnToolsVersion = 13.2.1;
						TestTargetID = 8AD3ED3E283C77FA00AB3984;
					};
					8AD3ED58283C77FC00AB3984 = {
						CreatedOnToolsVersion = 13.2.1;
						TestTargetID = 8AD3ED3E283C77FA00AB3984;
					};
				};
			};
			buildConfigurationList = 8AD3ED3A283C77FA00AB3984 /* Build configuration list for PBXProject "Github_Search_TCA" */;
			compatibilityVersion = "Xcode 13.0";
			developmentRegion = en;
			hasScannedForEncodings = 0;
			knownRegions = (
				en,
				Base,
			);
			mainGroup = 8AD3ED36283C77FA00AB3984;
			packageReferences = (
			);
			productRefGroup = 8AD3ED40283C77FA00AB3984 /* Products */;
			projectDirPath = "";
			projectRoot = "";
			targets = (
				8AD3ED3E283C77FA00AB3984 /* Github_Search_TCA */,
				8AD3ED4E283C77FC00AB3984 /* Github_Search_TCATests */,
				8AD3ED58283C77FC00AB3984 /* Github_Search_TCAUITests */,
			);
		};
/* End PBXProject section */

/* Begin PBXResourcesBuildPhase section */
		8AD3ED3D283C77FA00AB3984 /* Resources */ = {
			isa = PBXResourcesBuildPhase;
			buildActionMask = 2147483647;
			files = (
				8AD3ED4A283C77FC00AB3984 /* Preview Assets.xcassets in Resources */,
				8AD3ED47283C77FC00AB3984 /* Assets.xcassets in Resources */,
			);
			runOnlyForDeploymentPostprocessing = 0;
		};
		8AD3ED4D283C77FC00AB3984 /* Resources */ = {
			isa = PBXResourcesBuildPhase;
			buildActionMask = 2147483647;
			files = (
			);
			runOnlyForDeploymentPostprocessing = 0;
		};
		8AD3ED57283C77FC00AB3984 /* Resources */ = {
			isa = PBXResourcesBuildPhase;
			buildActionMask = 2147483647;
			files = (
			);
			runOnlyForDeploymentPostprocessing = 0;
		};
/* End PBXResourcesBuildPhase section */

/* Begin PBXSourcesBuildPhase section */
		8AD3ED3B283C77FA00AB3984 /* Sources */ = {
			isa = PBXSourcesBuildPhase;
			buildActionMask = 2147483647;
			files = (
				8AD3ED43283C77FA00AB3984 /* Github_Search_TCAApp.swift in Sources */,
			);
			runOnlyForDeploymentPostprocessing = 0;
		};
		8AD3ED4B283C77FC00AB3984 /* Sources */ = {
			isa = PBXSourcesBuildPhase;
			buildActionMask = 2147483647;
			files = (
				25275FD2285967780026B9E3 /* +Extension.swift in Sources */,
				25275FCF28595F6C0026B9E3 /* TestError.swift in Sources */,
				8AD3ED54283C77FC00AB3984 /* Github_Search_TCATests.swift in Sources */,
				252E28772854D50800F6CA57 /* SearchViewReducerTests.swift in Sources */,
				25275FCC285814930026B9E3 /* MockGithubRepository.swift in Sources */,
				252E289E2854DB5900F6CA57 /* SearchCellReducerTests.swift in Sources */,
			);
			runOnlyForDeploymentPostprocessing = 0;
		};
		8AD3ED55283C77FC00AB3984 /* Sources */ = {
			isa = PBXSourcesBuildPhase;
			buildActionMask = 2147483647;
			files = (
				8AD3ED60283C77FC00AB3984 /* Github_Search_TCAUITestsLaunchTests.swift in Sources */,
				8AD3ED5E283C77FC00AB3984 /* Github_Search_TCAUITests.swift in Sources */,
			);
			runOnlyForDeploymentPostprocessing = 0;
		};
/* End PBXSourcesBuildPhase section */

/* Begin PBXTargetDependency section */
		8AD3ED51283C77FC00AB3984 /* PBXTargetDependency */ = {
			isa = PBXTargetDependency;
			target = 8AD3ED3E283C77FA00AB3984 /* Github_Search_TCA */;
			targetProxy = 8AD3ED50283C77FC00AB3984 /* PBXContainerItemProxy */;
		};
		8AD3ED5B283C77FC00AB3984 /* PBXTargetDependency */ = {
			isa = PBXTargetDependency;
			target = 8AD3ED3E283C77FA00AB3984 /* Github_Search_TCA */;
			targetProxy = 8AD3ED5A283C77FC00AB3984 /* PBXContainerItemProxy */;
		};
/* End PBXTargetDependency section */

/* Begin XCBuildConfiguration section */
		8AD3ED61283C77FC00AB3984 /* Debug */ = {
			isa = XCBuildConfiguration;
			buildSettings = {
				ALWAYS_SEARCH_USER_PATHS = NO;
				CLANG_ANALYZER_NONNULL = YES;
				CLANG_ANALYZER_NUMBER_OBJECT_CONVERSION = YES_AGGRESSIVE;
				CLANG_CXX_LANGUAGE_STANDARD = "gnu++17";
				CLANG_CXX_LIBRARY = "libc++";
				CLANG_ENABLE_MODULES = YES;
				CLANG_ENABLE_OBJC_ARC = YES;
				CLANG_ENABLE_OBJC_WEAK = YES;
				CLANG_WARN_BLOCK_CAPTURE_AUTORELEASING = YES;
				CLANG_WARN_BOOL_CONVERSION = YES;
				CLANG_WARN_COMMA = YES;
				CLANG_WARN_CONSTANT_CONVERSION = YES;
				CLANG_WARN_DEPRECATED_OBJC_IMPLEMENTATIONS = YES;
				CLANG_WARN_DIRECT_OBJC_ISA_USAGE = YES_ERROR;
				CLANG_WARN_DOCUMENTATION_COMMENTS = YES;
				CLANG_WARN_EMPTY_BODY = YES;
				CLANG_WARN_ENUM_CONVERSION = YES;
				CLANG_WARN_INFINITE_RECURSION = YES;
				CLANG_WARN_INT_CONVERSION = YES;
				CLANG_WARN_NON_LITERAL_NULL_CONVERSION = YES;
				CLANG_WARN_OBJC_IMPLICIT_RETAIN_SELF = YES;
				CLANG_WARN_OBJC_LITERAL_CONVERSION = YES;
				CLANG_WARN_OBJC_ROOT_CLASS = YES_ERROR;
				CLANG_WARN_QUOTED_INCLUDE_IN_FRAMEWORK_HEADER = YES;
				CLANG_WARN_RANGE_LOOP_ANALYSIS = YES;
				CLANG_WARN_STRICT_PROTOTYPES = YES;
				CLANG_WARN_SUSPICIOUS_MOVE = YES;
				CLANG_WARN_UNGUARDED_AVAILABILITY = YES_AGGRESSIVE;
				CLANG_WARN_UNREACHABLE_CODE = YES;
				CLANG_WARN__DUPLICATE_METHOD_MATCH = YES;
				COPY_PHASE_STRIP = NO;
				DEBUG_INFORMATION_FORMAT = dwarf;
				ENABLE_STRICT_OBJC_MSGSEND = YES;
				ENABLE_TESTABILITY = YES;
				GCC_C_LANGUAGE_STANDARD = gnu11;
				GCC_DYNAMIC_NO_PIC = NO;
				GCC_NO_COMMON_BLOCKS = YES;
				GCC_OPTIMIZATION_LEVEL = 0;
				GCC_PREPROCESSOR_DEFINITIONS = (
					"DEBUG=1",
					"$(inherited)",
				);
				GCC_WARN_64_TO_32_BIT_CONVERSION = YES;
				GCC_WARN_ABOUT_RETURN_TYPE = YES_ERROR;
				GCC_WARN_UNDECLARED_SELECTOR = YES;
				GCC_WARN_UNINITIALIZED_AUTOS = YES_AGGRESSIVE;
				GCC_WARN_UNUSED_FUNCTION = YES;
				GCC_WARN_UNUSED_VARIABLE = YES;
				IPHONEOS_DEPLOYMENT_TARGET = 15.2;
				MTL_ENABLE_DEBUG_INFO = INCLUDE_SOURCE;
				MTL_FAST_MATH = YES;
				ONLY_ACTIVE_ARCH = YES;
				SDKROOT = iphoneos;
				SWIFT_ACTIVE_COMPILATION_CONDITIONS = DEBUG;
				SWIFT_OPTIMIZATION_LEVEL = "-Onone";
			};
			name = Debug;
		};
		8AD3ED62283C77FC00AB3984 /* Release */ = {
			isa = XCBuildConfiguration;
			buildSettings = {
				ALWAYS_SEARCH_USER_PATHS = NO;
				CLANG_ANALYZER_NONNULL = YES;
				CLANG_ANALYZER_NUMBER_OBJECT_CONVERSION = YES_AGGRESSIVE;
				CLANG_CXX_LANGUAGE_STANDARD = "gnu++17";
				CLANG_CXX_LIBRARY = "libc++";
				CLANG_ENABLE_MODULES = YES;
				CLANG_ENABLE_OBJC_ARC = YES;
				CLANG_ENABLE_OBJC_WEAK = YES;
				CLANG_WARN_BLOCK_CAPTURE_AUTORELEASING = YES;
				CLANG_WARN_BOOL_CONVERSION = YES;
				CLANG_WARN_COMMA = YES;
				CLANG_WARN_CONSTANT_CONVERSION = YES;
				CLANG_WARN_DEPRECATED_OBJC_IMPLEMENTATIONS = YES;
				CLANG_WARN_DIRECT_OBJC_ISA_USAGE = YES_ERROR;
				CLANG_WARN_DOCUMENTATION_COMMENTS = YES;
				CLANG_WARN_EMPTY_BODY = YES;
				CLANG_WARN_ENUM_CONVERSION = YES;
				CLANG_WARN_INFINITE_RECURSION = YES;
				CLANG_WARN_INT_CONVERSION = YES;
				CLANG_WARN_NON_LITERAL_NULL_CONVERSION = YES;
				CLANG_WARN_OBJC_IMPLICIT_RETAIN_SELF = YES;
				CLANG_WARN_OBJC_LITERAL_CONVERSION = YES;
				CLANG_WARN_OBJC_ROOT_CLASS = YES_ERROR;
				CLANG_WARN_QUOTED_INCLUDE_IN_FRAMEWORK_HEADER = YES;
				CLANG_WARN_RANGE_LOOP_ANALYSIS = YES;
				CLANG_WARN_STRICT_PROTOTYPES = YES;
				CLANG_WARN_SUSPICIOUS_MOVE = YES;
				CLANG_WARN_UNGUARDED_AVAILABILITY = YES_AGGRESSIVE;
				CLANG_WARN_UNREACHABLE_CODE = YES;
				CLANG_WARN__DUPLICATE_METHOD_MATCH = YES;
				COPY_PHASE_STRIP = NO;
				DEBUG_INFORMATION_FORMAT = "dwarf-with-dsym";
				ENABLE_NS_ASSERTIONS = NO;
				ENABLE_STRICT_OBJC_MSGSEND = YES;
				GCC_C_LANGUAGE_STANDARD = gnu11;
				GCC_NO_COMMON_BLOCKS = YES;
				GCC_WARN_64_TO_32_BIT_CONVERSION = YES;
				GCC_WARN_ABOUT_RETURN_TYPE = YES_ERROR;
				GCC_WARN_UNDECLARED_SELECTOR = YES;
				GCC_WARN_UNINITIALIZED_AUTOS = YES_AGGRESSIVE;
				GCC_WARN_UNUSED_FUNCTION = YES;
				GCC_WARN_UNUSED_VARIABLE = YES;
				IPHONEOS_DEPLOYMENT_TARGET = 15.2;
				MTL_ENABLE_DEBUG_INFO = NO;
				MTL_FAST_MATH = YES;
				SDKROOT = iphoneos;
				SWIFT_COMPILATION_MODE = wholemodule;
				SWIFT_OPTIMIZATION_LEVEL = "-O";
				VALIDATE_PRODUCT = YES;
			};
			name = Release;
		};
		8AD3ED64283C77FC00AB3984 /* Debug */ = {
			isa = XCBuildConfiguration;
			buildSettings = {
				ASSETCATALOG_COMPILER_APPICON_NAME = AppIcon;
				ASSETCATALOG_COMPILER_GLOBAL_ACCENT_COLOR_NAME = AccentColor;
				CODE_SIGN_STYLE = Automatic;
				CURRENT_PROJECT_VERSION = 1;
				DEVELOPMENT_ASSET_PATHS = "\"Github_Search_TCA/Preview Content\"";
				DEVELOPMENT_TEAM = WX8CNHALLY;
				ENABLE_PREVIEWS = YES;
				GENERATE_INFOPLIST_FILE = YES;
				INFOPLIST_FILE = "Github-Search-TCA-Info.plist";
				INFOPLIST_KEY_UIApplicationSceneManifest_Generation = YES;
				INFOPLIST_KEY_UIApplicationSupportsIndirectInputEvents = YES;
				INFOPLIST_KEY_UILaunchScreen_Generation = YES;
				INFOPLIST_KEY_UISupportedInterfaceOrientations_iPad = "UIInterfaceOrientationPortrait UIInterfaceOrientationPortraitUpsideDown UIInterfaceOrientationLandscapeLeft UIInterfaceOrientationLandscapeRight";
				INFOPLIST_KEY_UISupportedInterfaceOrientations_iPhone = "UIInterfaceOrientationPortrait UIInterfaceOrientationLandscapeLeft UIInterfaceOrientationLandscapeRight";
				LD_RUNPATH_SEARCH_PATHS = (
					"$(inherited)",
					"@executable_path/Frameworks",
				);
				MARKETING_VERSION = 1.0;
				PRODUCT_BUNDLE_IDENTIFIER = "com.cjmin.Github-Search-TCA";
				PRODUCT_NAME = "$(TARGET_NAME)";
				SWIFT_EMIT_LOC_STRINGS = YES;
				SWIFT_VERSION = 5.0;
				TARGETED_DEVICE_FAMILY = "1,2";
			};
			name = Debug;
		};
		8AD3ED65283C77FC00AB3984 /* Release */ = {
			isa = XCBuildConfiguration;
			buildSettings = {
				ASSETCATALOG_COMPILER_APPICON_NAME = AppIcon;
				ASSETCATALOG_COMPILER_GLOBAL_ACCENT_COLOR_NAME = AccentColor;
				CODE_SIGN_STYLE = Automatic;
				CURRENT_PROJECT_VERSION = 1;
				DEVELOPMENT_ASSET_PATHS = "\"Github_Search_TCA/Preview Content\"";
				DEVELOPMENT_TEAM = WX8CNHALLY;
				ENABLE_PREVIEWS = YES;
				GENERATE_INFOPLIST_FILE = YES;
				INFOPLIST_FILE = "Github-Search-TCA-Info.plist";
				INFOPLIST_KEY_UIApplicationSceneManifest_Generation = YES;
				INFOPLIST_KEY_UIApplicationSupportsIndirectInputEvents = YES;
				INFOPLIST_KEY_UILaunchScreen_Generation = YES;
				INFOPLIST_KEY_UISupportedInterfaceOrientations_iPad = "UIInterfaceOrientationPortrait UIInterfaceOrientationPortraitUpsideDown UIInterfaceOrientationLandscapeLeft UIInterfaceOrientationLandscapeRight";
				INFOPLIST_KEY_UISupportedInterfaceOrientations_iPhone = "UIInterfaceOrientationPortrait UIInterfaceOrientationLandscapeLeft UIInterfaceOrientationLandscapeRight";
				LD_RUNPATH_SEARCH_PATHS = (
					"$(inherited)",
					"@executable_path/Frameworks",
				);
				MARKETING_VERSION = 1.0;
				PRODUCT_BUNDLE_IDENTIFIER = "com.cjmin.Github-Search-TCA";
				PRODUCT_NAME = "$(TARGET_NAME)";
				SWIFT_EMIT_LOC_STRINGS = YES;
				SWIFT_VERSION = 5.0;
				TARGETED_DEVICE_FAMILY = "1,2";
			};
			name = Release;
		};
		8AD3ED67283C77FC00AB3984 /* Debug */ = {
			isa = XCBuildConfiguration;
			buildSettings = {
				ALWAYS_EMBED_SWIFT_STANDARD_LIBRARIES = YES;
				BUNDLE_LOADER = "$(TEST_HOST)";
				CODE_SIGN_STYLE = Automatic;
				CURRENT_PROJECT_VERSION = 1;
				DEVELOPMENT_TEAM = WX8CNHALLY;
				GENERATE_INFOPLIST_FILE = YES;
				IPHONEOS_DEPLOYMENT_TARGET = 15.2;
				MARKETING_VERSION = 1.0;
				PRODUCT_BUNDLE_IDENTIFIER = "com.cjmin.Github-Search-TCATests";
				PRODUCT_NAME = "$(TARGET_NAME)";
				SWIFT_EMIT_LOC_STRINGS = NO;
				SWIFT_VERSION = 5.0;
				TARGETED_DEVICE_FAMILY = "1,2";
				TEST_HOST = "$(BUILT_PRODUCTS_DIR)/Github_Search_TCA.app/Github_Search_TCA";
			};
			name = Debug;
		};
		8AD3ED68283C77FC00AB3984 /* Release */ = {
			isa = XCBuildConfiguration;
			buildSettings = {
				ALWAYS_EMBED_SWIFT_STANDARD_LIBRARIES = YES;
				BUNDLE_LOADER = "$(TEST_HOST)";
				CODE_SIGN_STYLE = Automatic;
				CURRENT_PROJECT_VERSION = 1;
				DEVELOPMENT_TEAM = WX8CNHALLY;
				GENERATE_INFOPLIST_FILE = YES;
				IPHONEOS_DEPLOYMENT_TARGET = 15.2;
				MARKETING_VERSION = 1.0;
				PRODUCT_BUNDLE_IDENTIFIER = "com.cjmin.Github-Search-TCATests";
				PRODUCT_NAME = "$(TARGET_NAME)";
				SWIFT_EMIT_LOC_STRINGS = NO;
				SWIFT_VERSION = 5.0;
				TARGETED_DEVICE_FAMILY = "1,2";
				TEST_HOST = "$(BUILT_PRODUCTS_DIR)/Github_Search_TCA.app/Github_Search_TCA";
			};
			name = Release;
		};
		8AD3ED6A283C77FC00AB3984 /* Debug */ = {
			isa = XCBuildConfiguration;
			buildSettings = {
				ALWAYS_EMBED_SWIFT_STANDARD_LIBRARIES = YES;
				CODE_SIGN_STYLE = Automatic;
				CURRENT_PROJECT_VERSION = 1;
				DEVELOPMENT_TEAM = WX8CNHALLY;
				GENERATE_INFOPLIST_FILE = YES;
				MARKETING_VERSION = 1.0;
				PRODUCT_BUNDLE_IDENTIFIER = "com.cjmin.Github-Search-TCAUITests";
				PRODUCT_NAME = "$(TARGET_NAME)";
				SWIFT_EMIT_LOC_STRINGS = NO;
				SWIFT_VERSION = 5.0;
				TARGETED_DEVICE_FAMILY = "1,2";
				TEST_TARGET_NAME = Github_Search_TCA;
			};
			name = Debug;
		};
		8AD3ED6B283C77FC00AB3984 /* Release */ = {
			isa = XCBuildConfiguration;
			buildSettings = {
				ALWAYS_EMBED_SWIFT_STANDARD_LIBRARIES = YES;
				CODE_SIGN_STYLE = Automatic;
				CURRENT_PROJECT_VERSION = 1;
				DEVELOPMENT_TEAM = WX8CNHALLY;
				GENERATE_INFOPLIST_FILE = YES;
				MARKETING_VERSION = 1.0;
				PRODUCT_BUNDLE_IDENTIFIER = "com.cjmin.Github-Search-TCAUITests";
				PRODUCT_NAME = "$(TARGET_NAME)";
				SWIFT_EMIT_LOC_STRINGS = NO;
				SWIFT_VERSION = 5.0;
				TARGETED_DEVICE_FAMILY = "1,2";
				TEST_TARGET_NAME = Github_Search_TCA;
			};
			name = Release;
		};
/* End XCBuildConfiguration section */

/* Begin XCConfigurationList section */
		8AD3ED3A283C77FA00AB3984 /* Build configuration list for PBXProject "Github_Search_TCA" */ = {
			isa = XCConfigurationList;
			buildConfigurations = (
				8AD3ED61283C77FC00AB3984 /* Debug */,
				8AD3ED62283C77FC00AB3984 /* Release */,
			);
			defaultConfigurationIsVisible = 0;
			defaultConfigurationName = Release;
		};
		8AD3ED63283C77FC00AB3984 /* Build configuration list for PBXNativeTarget "Github_Search_TCA" */ = {
			isa = XCConfigurationList;
			buildConfigurations = (
				8AD3ED64283C77FC00AB3984 /* Debug */,
				8AD3ED65283C77FC00AB3984 /* Release */,
			);
			defaultConfigurationIsVisible = 0;
			defaultConfigurationName = Release;
		};
		8AD3ED66283C77FC00AB3984 /* Build configuration list for PBXNativeTarget "Github_Search_TCATests" */ = {
			isa = XCConfigurationList;
			buildConfigurations = (
				8AD3ED67283C77FC00AB3984 /* Debug */,
				8AD3ED68283C77FC00AB3984 /* Release */,
			);
			defaultConfigurationIsVisible = 0;
			defaultConfigurationName = Release;
		};
		8AD3ED69283C77FC00AB3984 /* Build configuration list for PBXNativeTarget "Github_Search_TCAUITests" */ = {
			isa = XCConfigurationList;
			buildConfigurations = (
				8AD3ED6A283C77FC00AB3984 /* Debug */,
				8AD3ED6B283C77FC00AB3984 /* Release */,
			);
			defaultConfigurationIsVisible = 0;
			defaultConfigurationName = Release;
		};
/* End XCConfigurationList section */

/* Begin XCSwiftPackageProductDependency section */
		8AE2D5232867337000BBF894 /* GDIContainer */ = {
			isa = XCSwiftPackageProductDependency;
			productName = GDIContainer;
		};
/* End XCSwiftPackageProductDependency section */
	};
	rootObject = 8AD3ED37283C77FA00AB3984 /* Project object */;
}
